{
    "name": "perceptual-contrast-palette",
    "version": "1.0.0",
    "lockfileVersion": 3,
    "requires": true,
    "packages": {
        "": {
            "name": "perceptual-contrast-palette",
            "version": "1.0.0",
            "dependencies": {
                "colorjs.io": "^0.6.0-alpha.1",
                "wcag-contrast": "^3.0.0"
            },
            "bin": {
                "generate-palette": "dist/index.js"
            },
            "devDependencies": {
                "@types/node": "^20.0.0",
                "@types/wcag-contrast": "^3.0.3",
                "typescript": "^5.0.0"
            }
        },
        "node_modules/@types/node": {
            "version": "20.19.18",
            "resolved": "https://registry.npmjs.org/@types/node/-/node-20.19.18.tgz",
            "integrity": "sha512-KeYVbfnbsBCyKG8e3gmUqAfyZNcoj/qpEbHRkQkfZdKOBrU7QQ+BsTdfqLSWX9/m1ytYreMhpKvp+EZi3UFYAg==",
            "dev": true,
            "license": "MIT",
            "dependencies": {
                "undici-types": "~6.21.0"
            }
        },
        "node_modules/@types/wcag-contrast": {
            "version": "3.0.3",
            "resolved": "https://registry.npmjs.org/@types/wcag-contrast/-/wcag-contrast-3.0.3.tgz",
            "integrity": "sha512-oprevfwJSLfpQK4KaWsRKJuNoebV76+xhmbXiWJGy+FkS34LpCgCMNIwRXWTb8xmmSxUE2ycFOYE7uyRVRm3LA==",
            "dev": true,
            "license": "MIT"
        },
        "node_modules/colorjs.io": {
            "version": "0.6.0-alpha.1",
            "resolved": "https://registry.npmjs.org/colorjs.io/-/colorjs.io-0.6.0-alpha.1.tgz",
            "integrity": "sha512-c/h/8uAmPydQcriRdX8UTAFHj6SpSHFHBA8LvMikvYWAVApPTwg/pyOXNsGmaCBd6L/EeDlRHSNhTtnIFp/qsg==",
            "license": "MIT",
            "funding": {
                "type": "opencollective",
                "url": "https://opencollective.com/color"
            }
        },
        "node_modules/esm": {
            "version": "3.2.25",
            "resolved": "https://registry.npmjs.org/esm/-/esm-3.2.25.tgz",
            "integrity": "sha512-U1suiZ2oDVWv4zPO56S0NcR5QriEahGtdN2OR6FiOG4WJvcjBVFB0qI4+eKoWFH483PKGuLuu6V8Z4T5g63UVA==",
            "license": "MIT",
            "engines": {
                "node": ">=6"
            }
        },
        "node_modules/relative-luminance": {
            "version": "2.0.1",
            "resolved": "https://registry.npmjs.org/relative-luminance/-/relative-luminance-2.0.1.tgz",
            "integrity": "sha512-wFuITNthJilFPwkK7gNJcULxXBcfFZvZORsvdvxeOdO44wCeZnuQkf3nFFzOR/dpJNxYsdRZJLsepWbyKhnMww==",
            "license": "BSD-2-Clause",
            "dependencies": {
                "esm": "^3.0.84"
            }
        },
        "node_modules/typescript": {
            "version": "5.9.2",
            "resolved": "https://registry.npmjs.org/typescript/-/typescript-5.9.2.tgz",
            "integrity": "sha512-CWBzXQrc/qOkhidw1OzBTQuYRbfyxDXJMVJ1XNwUHGROVmuaeiEm3OslpZ1RV96d7SKKjZKrSJu3+t/xlw3R9A==",
            "dev": true,
            "license": "Apache-2.0",
            "bin": {
                "tsc": "bin/tsc",
                "tsserver": "bin/tsserver"
            },
            "engines": {
                "node": ">=14.17"
            }
        },
        "node_modules/undici-types": {
            "version": "6.21.0",
            "resolved": "https://registry.npmjs.org/undici-types/-/undici-types-6.21.0.tgz",
            "integrity": "sha512-iwDZqg0QAGrg9Rav5H4n0M64c3mkR59cJ6wQp+7C4nI0gsmExaedaYLNO44eT4AtBBwjbTiGPMlt2Md0T9H9JQ==",
            "dev": true,
            "license": "MIT"
        },
        "node_modules/wcag-contrast": {
            "version": "3.0.0",
            "resolved": "https://registry.npmjs.org/wcag-contrast/-/wcag-contrast-3.0.0.tgz",
            "integrity": "sha512-RWbpg/S7FOXDCwqC2oFhN/vh8dHzj0OS6dpyOSDHyQFSmqmR+lAUStV/ziTT1GzDqL9wol+nZQB4vCi5yEak+w==",
            "license": "BSD-2-Clause",
            "dependencies": {
                "relative-luminance": "^2.0.0"
            }
        }
    }
}
